
Microsoft Visual Studio Solution File, Format Version 12.00
# Visual Studio Version 16
VisualStudioVersion = 16.0.31019.35
MinimumVisualStudioVersion = 15.0.26124.0
Project("{2150E333-8FDC-42A3-9474-1A3956D46DE8}") = "Host", "Host", "{BE400988-3D71-4D2A-8AAC-A3DE77A3A838}"
EndProject
Project("{2150E333-8FDC-42A3-9474-1A3956D46DE8}") = "Stock", "Stock", "{18B55023-B41C-4D0B-8148-1F0180C4AC53}"
EndProject
Project("{9A19103F-16F7-4668-BE54-9A1E7A4F7556}") = "Host", "..\src\Host\Host.csproj", "{3F854CF2-AD35-4D72-91DC-36E366AAFF0E}"
EndProject
Project("{2150E333-8FDC-42A3-9474-1A3956D46DE8}") = "Infrastructure", "Infrastructure", "{1231BC45-2F66-4312-9B1B-8F3E2A22A43B}"
EndProject
Project("{2150E333-8FDC-42A3-9474-1A3956D46DE8}") = "Service", "Service", "{DC1EC409-B85A-40F6-A14E-32463A72D6B8}"
EndProject
Project("{2150E333-8FDC-42A3-9474-1A3956D46DE8}") = "Repository", "Repository", "{93115567-92F1-4868-B866-55BE5188454A}"
EndProject
Project("{2150E333-8FDC-42A3-9474-1A3956D46DE8}") = "Contract", "Contract", "{F1894F15-466E-4632-9301-7C283C04BF80}"
EndProject
Project("{9A19103F-16F7-4668-BE54-9A1E7A4F7556}") = "StockContract", "..\src\Stock\Contract\StockContract\StockContract.csproj", "{3E14463E-0D5E-4217-B555-F23185EB5E00}"
EndProject
Project("{9A19103F-16F7-4668-BE54-9A1E7A4F7556}") = "StockService", "..\src\Stock\Service\StockService\StockService.csproj", "{73561614-F87B-4840-BE1E-84DCEF79B87B}"
EndProject
Project("{9A19103F-16F7-4668-BE54-9A1E7A4F7556}") = "StockLocator", "..\src\Stock\Infrastructure\StockLocator\StockLocator.csproj", "{C21CDAA6-4FED-4445-932A-EEDC067C4D0D}"
EndProject
Project("{2150E333-8FDC-42A3-9474-1A3956D46DE8}") = "Model", "Model", "{66354DBE-A480-42EC-B954-C73476A6CB06}"
EndProject
Project("{2150E333-8FDC-42A3-9474-1A3956D46DE8}") = "VO", "VO", "{4B03E0E7-8B1C-4839-8D3F-716AC93CAFDB}"
EndProject
Project("{2150E333-8FDC-42A3-9474-1A3956D46DE8}") = "DT", "DT", "{D9839461-2B04-415A-AAE3-DDEE3DAFD55C}"
EndProject
Project("{9A19103F-16F7-4668-BE54-9A1E7A4F7556}") = "DT", "..\src\Model\DT\DT.csproj", "{2E4B12E6-7BA3-48F8-B509-2881042B0B41}"
EndProject
Project("{9A19103F-16F7-4668-BE54-9A1E7A4F7556}") = "VO", "..\src\Model\VO\VO.csproj", "{63671A3D-3E49-4D93-B161-CD940D0C22B8}"
EndProject
Project("{2150E333-8FDC-42A3-9474-1A3956D46DE8}") = "Gateway", "Gateway", "{736FB053-F31E-4685-A3DD-AC7206D5857F}"
EndProject
Project("{2150E333-8FDC-42A3-9474-1A3956D46DE8}") = "Service", "Service", "{048DF11D-557F-435A-AE3A-1E74CB9E24F6}"
EndProject
Project("{2150E333-8FDC-42A3-9474-1A3956D46DE8}") = "Infrastructure", "Infrastructure", "{528EBD77-5FB1-4E28-93C7-80F19D742CDD}"
EndProject
Project("{9A19103F-16F7-4668-BE54-9A1E7A4F7556}") = "GatewayLocator", "..\src\Gateway\Infrastructure\GatewayLocator\GatewayLocator.csproj", "{5B67AA7F-C76D-4C0A-BD2F-ABB62B2776EB}"
EndProject
Project("{9A19103F-16F7-4668-BE54-9A1E7A4F7556}") = "GatewayService", "..\src\Gateway\Service\GatewayService\GatewayService.csproj", "{74316DCF-4250-4EE7-95B1-3EC52965F1AD}"
EndProject
Project("{2150E333-8FDC-42A3-9474-1A3956D46DE8}") = "Contract", "Contract", "{5F5F1A1A-EA72-4DDB-AB8F-A0F6491587BE}"
EndProject
Project("{9A19103F-16F7-4668-BE54-9A1E7A4F7556}") = "GatewayContract", "..\src\Gateway\Contract\GatewayContract\GatewayContract.csproj", "{E12DC98A-EF5C-48D5-90B8-7E1227A73FC8}"
EndProject
Global
	GlobalSection(SolutionConfigurationPlatforms) = preSolution
		Debug|Any CPU = Debug|Any CPU
		Debug|x64 = Debug|x64
		Debug|x86 = Debug|x86
		Release|Any CPU = Release|Any CPU
		Release|x64 = Release|x64
		Release|x86 = Release|x86
	EndGlobalSection
	GlobalSection(ProjectConfigurationPlatforms) = postSolution
		{3F854CF2-AD35-4D72-91DC-36E366AAFF0E}.Debug|Any CPU.ActiveCfg = Debug|Any CPU
		{3F854CF2-AD35-4D72-91DC-36E366AAFF0E}.Debug|Any CPU.Build.0 = Debug|Any CPU
		{3F854CF2-AD35-4D72-91DC-36E366AAFF0E}.Debug|x64.ActiveCfg = Debug|Any CPU
		{3F854CF2-AD35-4D72-91DC-36E366AAFF0E}.Debug|x64.Build.0 = Debug|Any CPU
		{3F854CF2-AD35-4D72-91DC-36E366AAFF0E}.Debug|x86.ActiveCfg = Debug|Any CPU
		{3F854CF2-AD35-4D72-91DC-36E366AAFF0E}.Debug|x86.Build.0 = Debug|Any CPU
		{3F854CF2-AD35-4D72-91DC-36E366AAFF0E}.Release|Any CPU.ActiveCfg = Release|Any CPU
		{3F854CF2-AD35-4D72-91DC-36E366AAFF0E}.Release|Any CPU.Build.0 = Release|Any CPU
		{3F854CF2-AD35-4D72-91DC-36E366AAFF0E}.Release|x64.ActiveCfg = Release|Any CPU
		{3F854CF2-AD35-4D72-91DC-36E366AAFF0E}.Release|x64.Build.0 = Release|Any CPU
		{3F854CF2-AD35-4D72-91DC-36E366AAFF0E}.Release|x86.ActiveCfg = Release|Any CPU
		{3F854CF2-AD35-4D72-91DC-36E366AAFF0E}.Release|x86.Build.0 = Release|Any CPU
		{3E14463E-0D5E-4217-B555-F23185EB5E00}.Debug|Any CPU.ActiveCfg = Debug|Any CPU
		{3E14463E-0D5E-4217-B555-F23185EB5E00}.Debug|Any CPU.Build.0 = Debug|Any CPU
		{3E14463E-0D5E-4217-B555-F23185EB5E00}.Debug|x64.ActiveCfg = Debug|Any CPU
		{3E14463E-0D5E-4217-B555-F23185EB5E00}.Debug|x64.Build.0 = Debug|Any CPU
		{3E14463E-0D5E-4217-B555-F23185EB5E00}.Debug|x86.ActiveCfg = Debug|Any CPU
		{3E14463E-0D5E-4217-B555-F23185EB5E00}.Debug|x86.Build.0 = Debug|Any CPU
		{3E14463E-0D5E-4217-B555-F23185EB5E00}.Release|Any CPU.ActiveCfg = Release|Any CPU
		{3E14463E-0D5E-4217-B555-F23185EB5E00}.Release|Any CPU.Build.0 = Release|Any CPU
		{3E14463E-0D5E-4217-B555-F23185EB5E00}.Release|x64.ActiveCfg = Release|Any CPU
		{3E14463E-0D5E-4217-B555-F23185EB5E00}.Release|x64.Build.0 = Release|Any CPU
		{3E14463E-0D5E-4217-B555-F23185EB5E00}.Release|x86.ActiveCfg = Release|Any CPU
		{3E14463E-0D5E-4217-B555-F23185EB5E00}.Release|x86.Build.0 = Release|Any CPU
		{73561614-F87B-4840-BE1E-84DCEF79B87B}.Debug|Any CPU.ActiveCfg = Debug|Any CPU
		{73561614-F87B-4840-BE1E-84DCEF79B87B}.Debug|Any CPU.Build.0 = Debug|Any CPU
		{73561614-F87B-4840-BE1E-84DCEF79B87B}.Debug|x64.ActiveCfg = Debug|Any CPU
		{73561614-F87B-4840-BE1E-84DCEF79B87B}.Debug|x64.Build.0 = Debug|Any CPU
		{73561614-F87B-4840-BE1E-84DCEF79B87B}.Debug|x86.ActiveCfg = Debug|Any CPU
		{73561614-F87B-4840-BE1E-84DCEF79B87B}.Debug|x86.Build.0 = Debug|Any CPU
		{73561614-F87B-4840-BE1E-84DCEF79B87B}.Release|Any CPU.ActiveCfg = Release|Any CPU
		{73561614-F87B-4840-BE1E-84DCEF79B87B}.Release|Any CPU.Build.0 = Release|Any CPU
		{73561614-F87B-4840-BE1E-84DCEF79B87B}.Release|x64.ActiveCfg = Release|Any CPU
		{73561614-F87B-4840-BE1E-84DCEF79B87B}.Release|x64.Build.0 = Release|Any CPU
		{73561614-F87B-4840-BE1E-84DCEF79B87B}.Release|x86.ActiveCfg = Release|Any CPU
		{73561614-F87B-4840-BE1E-84DCEF79B87B}.Release|x86.Build.0 = Release|Any CPU
		{C21CDAA6-4FED-4445-932A-EEDC067C4D0D}.Debug|Any CPU.ActiveCfg = Debug|Any CPU
		{C21CDAA6-4FED-4445-932A-EEDC067C4D0D}.Debug|Any CPU.Build.0 = Debug|Any CPU
		{C21CDAA6-4FED-4445-932A-EEDC067C4D0D}.Debug|x64.ActiveCfg = Debug|Any CPU
		{C21CDAA6-4FED-4445-932A-EEDC067C4D0D}.Debug|x64.Build.0 = Debug|Any CPU
		{C21CDAA6-4FED-4445-932A-EEDC067C4D0D}.Debug|x86.ActiveCfg = Debug|Any CPU
		{C21CDAA6-4FED-4445-932A-EEDC067C4D0D}.Debug|x86.Build.0 = Debug|Any CPU
		{C21CDAA6-4FED-4445-932A-EEDC067C4D0D}.Release|Any CPU.ActiveCfg = Release|Any CPU
		{C21CDAA6-4FED-4445-932A-EEDC067C4D0D}.Release|Any CPU.Build.0 = Release|Any CPU
		{C21CDAA6-4FED-4445-932A-EEDC067C4D0D}.Release|x64.ActiveCfg = Release|Any CPU
		{C21CDAA6-4FED-4445-932A-EEDC067C4D0D}.Release|x64.Build.0 = Release|Any CPU
		{C21CDAA6-4FED-4445-932A-EEDC067C4D0D}.Release|x86.ActiveCfg = Release|Any CPU
		{C21CDAA6-4FED-4445-932A-EEDC067C4D0D}.Release|x86.Build.0 = Release|Any CPU
		{2E4B12E6-7BA3-48F8-B509-2881042B0B41}.Debug|Any CPU.ActiveCfg = Debug|Any CPU
		{2E4B12E6-7BA3-48F8-B509-2881042B0B41}.Debug|Any CPU.Build.0 = Debug|Any CPU
		{2E4B12E6-7BA3-48F8-B509-2881042B0B41}.Debug|x64.ActiveCfg = Debug|Any CPU
		{2E4B12E6-7BA3-48F8-B509-2881042B0B41}.Debug|x64.Build.0 = Debug|Any CPU
		{2E4B12E6-7BA3-48F8-B509-2881042B0B41}.Debug|x86.ActiveCfg = Debug|Any CPU
		{2E4B12E6-7BA3-48F8-B509-2881042B0B41}.Debug|x86.Build.0 = Debug|Any CPU
		{2E4B12E6-7BA3-48F8-B509-2881042B0B41}.Release|Any CPU.ActiveCfg = Release|Any CPU
		{2E4B12E6-7BA3-48F8-B509-2881042B0B41}.Release|Any CPU.Build.0 = Release|Any CPU
		{2E4B12E6-7BA3-48F8-B509-2881042B0B41}.Release|x64.ActiveCfg = Release|Any CPU
		{2E4B12E6-7BA3-48F8-B509-2881042B0B41}.Release|x64.Build.0 = Release|Any CPU
		{2E4B12E6-7BA3-48F8-B509-2881042B0B41}.Release|x86.ActiveCfg = Release|Any CPU
		{2E4B12E6-7BA3-48F8-B509-2881042B0B41}.Release|x86.Build.0 = Release|Any CPU
		{63671A3D-3E49-4D93-B161-CD940D0C22B8}.Debug|Any CPU.ActiveCfg = Debug|Any CPU
		{63671A3D-3E49-4D93-B161-CD940D0C22B8}.Debug|Any CPU.Build.0 = Debug|Any CPU
		{63671A3D-3E49-4D93-B161-CD940D0C22B8}.Debug|x64.ActiveCfg = Debug|Any CPU
		{63671A3D-3E49-4D93-B161-CD940D0C22B8}.Debug|x64.Build.0 = Debug|Any CPU
		{63671A3D-3E49-4D93-B161-CD940D0C22B8}.Debug|x86.ActiveCfg = Debug|Any CPU
		{63671A3D-3E49-4D93-B161-CD940D0C22B8}.Debug|x86.Build.0 = Debug|Any CPU
		{63671A3D-3E49-4D93-B161-CD940D0C22B8}.Release|Any CPU.ActiveCfg = Release|Any CPU
		{63671A3D-3E49-4D93-B161-CD940D0C22B8}.Release|Any CPU.Build.0 = Release|Any CPU
		{63671A3D-3E49-4D93-B161-CD940D0C22B8}.Release|x64.ActiveCfg = Release|Any CPU
		{63671A3D-3E49-4D93-B161-CD940D0C22B8}.Release|x64.Build.0 = Release|Any CPU
		{63671A3D-3E49-4D93-B161-CD940D0C22B8}.Release|x86.ActiveCfg = Release|Any CPU
		{63671A3D-3E49-4D93-B161-CD940D0C22B8}.Release|x86.Build.0 = Release|Any CPU
		{5B67AA7F-C76D-4C0A-BD2F-ABB62B2776EB}.Debug|Any CPU.ActiveCfg = Debug|Any CPU
		{5B67AA7F-C76D-4C0A-BD2F-ABB62B2776EB}.Debug|Any CPU.Build.0 = Debug|Any CPU
		{5B67AA7F-C76D-4C0A-BD2F-ABB62B2776EB}.Debug|x64.ActiveCfg = Debug|Any CPU
		{5B67AA7F-C76D-4C0A-BD2F-ABB62B2776EB}.Debug|x64.Build.0 = Debug|Any CPU
		{5B67AA7F-C76D-4C0A-BD2F-ABB62B2776EB}.Debug|x86.ActiveCfg = Debug|Any CPU
		{5B67AA7F-C76D-4C0A-BD2F-ABB62B2776EB}.Debug|x86.Build.0 = Debug|Any CPU
		{5B67AA7F-C76D-4C0A-BD2F-ABB62B2776EB}.Release|Any CPU.ActiveCfg = Release|Any CPU
		{5B67AA7F-C76D-4C0A-BD2F-ABB62B2776EB}.Release|Any CPU.Build.0 = Release|Any CPU
		{5B67AA7F-C76D-4C0A-BD2F-ABB62B2776EB}.Release|x64.ActiveCfg = Release|Any CPU
		{5B67AA7F-C76D-4C0A-BD2F-ABB62B2776EB}.Release|x64.Build.0 = Release|Any CPU
		{5B67AA7F-C76D-4C0A-BD2F-ABB62B2776EB}.Release|x86.ActiveCfg = Release|Any CPU
		{5B67AA7F-C76D-4C0A-BD2F-ABB62B2776EB}.Release|x86.Build.0 = Release|Any CPU
		{74316DCF-4250-4EE7-95B1-3EC52965F1AD}.Debug|Any CPU.ActiveCfg = Debug|Any CPU
		{74316DCF-4250-4EE7-95B1-3EC52965F1AD}.Debug|Any CPU.Build.0 = Debug|Any CPU
		{74316DCF-4250-4EE7-95B1-3EC52965F1AD}.Debug|x64.ActiveCfg = Debug|Any CPU
		{74316DCF-4250-4EE7-95B1-3EC52965F1AD}.Debug|x64.Build.0 = Debug|Any CPU
		{74316DCF-4250-4EE7-95B1-3EC52965F1AD}.Debug|x86.ActiveCfg = Debug|Any CPU
		{74316DCF-4250-4EE7-95B1-3EC52965F1AD}.Debug|x86.Build.0 = Debug|Any CPU
		{74316DCF-4250-4EE7-95B1-3EC52965F1AD}.Release|Any CPU.ActiveCfg = Release|Any CPU
		{74316DCF-4250-4EE7-95B1-3EC52965F1AD}.Release|Any CPU.Build.0 = Release|Any CPU
		{74316DCF-4250-4EE7-95B1-3EC52965F1AD}.Release|x64.ActiveCfg = Release|Any CPU
		{74316DCF-4250-4EE7-95B1-3EC52965F1AD}.Release|x64.Build.0 = Release|Any CPU
		{74316DCF-4250-4EE7-95B1-3EC52965F1AD}.Release|x86.ActiveCfg = Release|Any CPU
		{74316DCF-4250-4EE7-95B1-3EC52965F1AD}.Release|x86.Build.0 = Release|Any CPU
		{E12DC98A-EF5C-48D5-90B8-7E1227A73FC8}.Debug|Any CPU.ActiveCfg = Debug|Any CPU
		{E12DC98A-EF5C-48D5-90B8-7E1227A73FC8}.Debug|Any CPU.Build.0 = Debug|Any CPU
		{E12DC98A-EF5C-48D5-90B8-7E1227A73FC8}.Debug|x64.ActiveCfg = Debug|Any CPU
		{E12DC98A-EF5C-48D5-90B8-7E1227A73FC8}.Debug|x64.Build.0 = Debug|Any CPU
		{E12DC98A-EF5C-48D5-90B8-7E1227A73FC8}.Debug|x86.ActiveCfg = Debug|Any CPU
		{E12DC98A-EF5C-48D5-90B8-7E1227A73FC8}.Debug|x86.Build.0 = Debug|Any CPU
		{E12DC98A-EF5C-48D5-90B8-7E1227A73FC8}.Release|Any CPU.ActiveCfg = Release|Any CPU
		{E12DC98A-EF5C-48D5-90B8-7E1227A73FC8}.Release|Any CPU.Build.0 = Release|Any CPU
		{E12DC98A-EF5C-48D5-90B8-7E1227A73FC8}.Release|x64.ActiveCfg = Release|Any CPU
		{E12DC98A-EF5C-48D5-90B8-7E1227A73FC8}.Release|x64.Build.0 = Release|Any CPU
		{E12DC98A-EF5C-48D5-90B8-7E1227A73FC8}.Release|x86.ActiveCfg = Release|Any CPU
		{E12DC98A-EF5C-48D5-90B8-7E1227A73FC8}.Release|x86.Build.0 = Release|Any CPU
	EndGlobalSection
	GlobalSection(SolutionProperties) = preSolution
		HideSolutionNode = FALSE
	EndGlobalSection
	GlobalSection(NestedProjects) = preSolution
		{3F854CF2-AD35-4D72-91DC-36E366AAFF0E} = {BE400988-3D71-4D2A-8AAC-A3DE77A3A838}
		{1231BC45-2F66-4312-9B1B-8F3E2A22A43B} = {18B55023-B41C-4D0B-8148-1F0180C4AC53}
		{DC1EC409-B85A-40F6-A14E-32463A72D6B8} = {18B55023-B41C-4D0B-8148-1F0180C4AC53}
		{93115567-92F1-4868-B866-55BE5188454A} = {18B55023-B41C-4D0B-8148-1F0180C4AC53}
		{F1894F15-466E-4632-9301-7C283C04BF80} = {18B55023-B41C-4D0B-8148-1F0180C4AC53}
		{3E14463E-0D5E-4217-B555-F23185EB5E00} = {F1894F15-466E-4632-9301-7C283C04BF80}
		{73561614-F87B-4840-BE1E-84DCEF79B87B} = {DC1EC409-B85A-40F6-A14E-32463A72D6B8}
		{C21CDAA6-4FED-4445-932A-EEDC067C4D0D} = {1231BC45-2F66-4312-9B1B-8F3E2A22A43B}
		{4B03E0E7-8B1C-4839-8D3F-716AC93CAFDB} = {66354DBE-A480-42EC-B954-C73476A6CB06}
		{D9839461-2B04-415A-AAE3-DDEE3DAFD55C} = {66354DBE-A480-42EC-B954-C73476A6CB06}
		{2E4B12E6-7BA3-48F8-B509-2881042B0B41} = {D9839461-2B04-415A-AAE3-DDEE3DAFD55C}
		{63671A3D-3E49-4D93-B161-CD940D0C22B8} = {4B03E0E7-8B1C-4839-8D3F-716AC93CAFDB}
		{048DF11D-557F-435A-AE3A-1E74CB9E24F6} = {736FB053-F31E-4685-A3DD-AC7206D5857F}
		{528EBD77-5FB1-4E28-93C7-80F19D742CDD} = {736FB053-F31E-4685-A3DD-AC7206D5857F}
		{5B67AA7F-C76D-4C0A-BD2F-ABB62B2776EB} = {528EBD77-5FB1-4E28-93C7-80F19D742CDD}
		{74316DCF-4250-4EE7-95B1-3EC52965F1AD} = {048DF11D-557F-435A-AE3A-1E74CB9E24F6}
		{5F5F1A1A-EA72-4DDB-AB8F-A0F6491587BE} = {736FB053-F31E-4685-A3DD-AC7206D5857F}
		{E12DC98A-EF5C-48D5-90B8-7E1227A73FC8} = {5F5F1A1A-EA72-4DDB-AB8F-A0F6491587BE}
	EndGlobalSection
	GlobalSection(ExtensibilityGlobals) = postSolution
		SolutionGuid = {0F52D7EC-942B-4B2D-A2CB-EC2313AD46EF}
	EndGlobalSection
EndGlobal
