
Microsoft Visual Studio Solution File, Format Version 12.00
# Visual Studio Version 16
VisualStudioVersion = 16.0.31019.35
MinimumVisualStudioVersion = 15.0.26124.0
Project("{2150E333-8FDC-42A3-9474-1A3956D46DE8}") = "Host", "Host", "{BE400988-3D71-4D2A-8AAC-A3DE77A3A838}"
EndProject
Project("{2150E333-8FDC-42A3-9474-1A3956D46DE8}") = "Stock", "Stock", "{18B55023-B41C-4D0B-8148-1F0180C4AC53}"
EndProject
Project("{9A19103F-16F7-4668-BE54-9A1E7A4F7556}") = "Host", "..\src\Host\Host.csproj", "{3F854CF2-AD35-4D72-91DC-36E366AAFF0E}"
EndProject
Project("{2150E333-8FDC-42A3-9474-1A3956D46DE8}") = "Infrastructure", "Infrastructure", "{1231BC45-2F66-4312-9B1B-8F3E2A22A43B}"
EndProject
Project("{2150E333-8FDC-42A3-9474-1A3956D46DE8}") = "Service", "Service", "{DC1EC409-B85A-40F6-A14E-32463A72D6B8}"
EndProject
Project("{2150E333-8FDC-42A3-9474-1A3956D46DE8}") = "Repository", "Repository", "{93115567-92F1-4868-B866-55BE5188454A}"
EndProject
Project("{2150E333-8FDC-42A3-9474-1A3956D46DE8}") = "Contract", "Contract", "{F1894F15-466E-4632-9301-7C283C04BF80}"
EndProject
Project("{9A19103F-16F7-4668-BE54-9A1E7A4F7556}") = "StockContract", "..\src\Stock\Contract\StockContract\StockContract.csproj", "{3E14463E-0D5E-4217-B555-F23185EB5E00}"
EndProject
Project("{9A19103F-16F7-4668-BE54-9A1E7A4F7556}") = "StockService", "..\src\Stock\Service\StockService\StockService.csproj", "{73561614-F87B-4840-BE1E-84DCEF79B87B}"
EndProject
Project("{9A19103F-16F7-4668-BE54-9A1E7A4F7556}") = "StockLocator", "..\src\Stock\Infrastructure\StockLocator\StockLocator.csproj", "{C21CDAA6-4FED-4445-932A-EEDC067C4D0D}"
EndProject
Project("{2150E333-8FDC-42A3-9474-1A3956D46DE8}") = "Model", "Model", "{66354DBE-A480-42EC-B954-C73476A6CB06}"
EndProject
Project("{2150E333-8FDC-42A3-9474-1A3956D46DE8}") = "VO", "VO", "{4B03E0E7-8B1C-4839-8D3F-716AC93CAFDB}"
EndProject
Project("{2150E333-8FDC-42A3-9474-1A3956D46DE8}") = "DT", "DT", "{D9839461-2B04-415A-AAE3-DDEE3DAFD55C}"
EndProject
Project("{9A19103F-16F7-4668-BE54-9A1E7A4F7556}") = "DT", "..\src\Model\DT\DT.csproj", "{2E4B12E6-7BA3-48F8-B509-2881042B0B41}"
EndProject
Project("{9A19103F-16F7-4668-BE54-9A1E7A4F7556}") = "VO", "..\src\Model\VO\VO.csproj", "{63671A3D-3E49-4D93-B161-CD940D0C22B8}"
EndProject
Project("{2150E333-8FDC-42A3-9474-1A3956D46DE8}") = "Gateway", "Gateway", "{736FB053-F31E-4685-A3DD-AC7206D5857F}"
EndProject
Project("{2150E333-8FDC-42A3-9474-1A3956D46DE8}") = "Service", "Service", "{048DF11D-557F-435A-AE3A-1E74CB9E24F6}"
EndProject
Project("{2150E333-8FDC-42A3-9474-1A3956D46DE8}") = "Infrastructure", "Infrastructure", "{528EBD77-5FB1-4E28-93C7-80F19D742CDD}"
EndProject
Project("{9A19103F-16F7-4668-BE54-9A1E7A4F7556}") = "GatewayLocator", "..\src\Gateway\Infrastructure\GatewayLocator\GatewayLocator.csproj", "{5B67AA7F-C76D-4C0A-BD2F-ABB62B2776EB}"
EndProject
Project("{9A19103F-16F7-4668-BE54-9A1E7A4F7556}") = "GatewayService", "..\src\Gateway\Service\GatewayService\GatewayService.csproj", "{74316DCF-4250-4EE7-95B1-3EC52965F1AD}"
EndProject
Project("{2150E333-8FDC-42A3-9474-1A3956D46DE8}") = "Contract", "Contract", "{5F5F1A1A-EA72-4DDB-AB8F-A0F6491587BE}"
EndProject
Project("{9A19103F-16F7-4668-BE54-9A1E7A4F7556}") = "GatewayContract", "..\src\Gateway\Contract\GatewayContract\GatewayContract.csproj", "{E12DC98A-EF5C-48D5-90B8-7E1227A73FC8}"
EndProject
Project("{2150E333-8FDC-42A3-9474-1A3956D46DE8}") = "Infrastructure", "Infrastructure", "{4CB7A898-5100-47DA-8DA4-20846C5372AC}"
EndProject
Project("{2150E333-8FDC-42A3-9474-1A3956D46DE8}") = "Configuration", "Configuration", "{0094CEE7-0967-4EAE-B286-7E7F72E928B7}"
EndProject
Project("{2150E333-8FDC-42A3-9474-1A3956D46DE8}") = "Contract", "Contract", "{AD1DF12E-9DC3-41F4-8B46-7EB1107A1F92}"
EndProject
Project("{2150E333-8FDC-42A3-9474-1A3956D46DE8}") = "Service", "Service", "{573C9ADF-28D9-4A25-BB6A-C4A5B5C3F03F}"
EndProject
Project("{2150E333-8FDC-42A3-9474-1A3956D46DE8}") = "Locator", "Locator", "{EC7B9323-E7FB-48CD-BE29-4155DD8403E7}"
EndProject
Project("{9A19103F-16F7-4668-BE54-9A1E7A4F7556}") = "ConfigurationContract", "..\src\Infrastructure\Configuration\Contract\ConfigurationContract\ConfigurationContract.csproj", "{413C75FB-7B77-4CA7-96A4-8E35B436BC9A}"
EndProject
Project("{9A19103F-16F7-4668-BE54-9A1E7A4F7556}") = "ConfigurationService", "..\src\Infrastructure\Configuration\Service\ConfigurationService\ConfigurationService.csproj", "{7E0C3D9B-7CAB-4CE5-AC68-AD9F1C48D9A4}"
EndProject
Project("{9A19103F-16F7-4668-BE54-9A1E7A4F7556}") = "InfrastructureLocator", "..\src\Infrastructure\Locator\InfrastructureLocator\InfrastructureLocator.csproj", "{82C40C0A-9C92-4690-BFC5-CBAA39D4E6EC}"
EndProject
Project("{9A19103F-16F7-4668-BE54-9A1E7A4F7556}") = "StockRepositorySqlServer", "..\src\Stock\Repository\StockRepositorySqlServer\StockRepositorySqlServer.csproj", "{CEBA2267-66BD-4700-B9D5-314D98F5D8EA}"
EndProject
Project("{9A19103F-16F7-4668-BE54-9A1E7A4F7556}") = "StockRepositoryContract", "..\src\Stock\Contract\StockRepositoryContract\StockRepositoryContract.csproj", "{192B5882-DC7B-4839-84D5-5A968FC1F2ED}"
EndProject
Project("{2150E333-8FDC-42A3-9474-1A3956D46DE8}") = "Data", "Data", "{1E5CB636-DB8D-4602-9055-FC1D60A70488}"
EndProject
Project("{2150E333-8FDC-42A3-9474-1A3956D46DE8}") = "Contract", "Contract", "{048B473D-E55A-44CF-A518-FE5E63113ECB}"
EndProject
Project("{2150E333-8FDC-42A3-9474-1A3956D46DE8}") = "Service", "Service", "{14F00317-CC28-4115-B629-06AFD73E2895}"
EndProject
Project("{9A19103F-16F7-4668-BE54-9A1E7A4F7556}") = "RepositoryContract", "..\src\Infrastructure\Data\Contract\RepositoryContract\RepositoryContract.csproj", "{8116DDDB-3940-45F7-B31B-800B3B6BDE65}"
EndProject
Project("{9A19103F-16F7-4668-BE54-9A1E7A4F7556}") = "RepositoryServiceSqlServer", "..\src\Infrastructure\Data\Service\RepositoryServiceSqlServer\RepositoryServiceSqlServer.csproj", "{E4F34EE9-6FFE-4B3C-BCF1-4043DA8126B3}"
EndProject
Project("{2150E333-8FDC-42A3-9474-1A3956D46DE8}") = "WebAPI", "WebAPI", "{CEB5A067-F319-4412-A628-A2B21950009D}"
EndProject
Project("{2150E333-8FDC-42A3-9474-1A3956D46DE8}") = "Solution Items", "Solution Items", "{7F0D0B18-86A0-453F-B974-05809D981EB0}"
	ProjectSection(SolutionItems) = preProject
		..\src\Dockerfile = ..\src\Dockerfile
	EndProjectSection
EndProject
Project("{FAE04EC0-301F-11D3-BF4B-00C04F79EFBC}") = "StockWebApi", "..\src\WebAPI\Stock\StockWebApi\StockWebApi.csproj", "{2BC60641-276D-44E1-862D-F60425DE2AB1}"
EndProject
Global
	GlobalSection(SolutionConfigurationPlatforms) = preSolution
		Debug|Any CPU = Debug|Any CPU
		Debug|x64 = Debug|x64
		Debug|x86 = Debug|x86
		Release|Any CPU = Release|Any CPU
		Release|x64 = Release|x64
		Release|x86 = Release|x86
	EndGlobalSection
	GlobalSection(ProjectConfigurationPlatforms) = postSolution
		{3F854CF2-AD35-4D72-91DC-36E366AAFF0E}.Debug|Any CPU.ActiveCfg = Debug|Any CPU
		{3F854CF2-AD35-4D72-91DC-36E366AAFF0E}.Debug|Any CPU.Build.0 = Debug|Any CPU
		{3F854CF2-AD35-4D72-91DC-36E366AAFF0E}.Debug|x64.ActiveCfg = Debug|Any CPU
		{3F854CF2-AD35-4D72-91DC-36E366AAFF0E}.Debug|x64.Build.0 = Debug|Any CPU
		{3F854CF2-AD35-4D72-91DC-36E366AAFF0E}.Debug|x86.ActiveCfg = Debug|Any CPU
		{3F854CF2-AD35-4D72-91DC-36E366AAFF0E}.Debug|x86.Build.0 = Debug|Any CPU
		{3F854CF2-AD35-4D72-91DC-36E366AAFF0E}.Release|Any CPU.ActiveCfg = Release|Any CPU
		{3F854CF2-AD35-4D72-91DC-36E366AAFF0E}.Release|Any CPU.Build.0 = Release|Any CPU
		{3F854CF2-AD35-4D72-91DC-36E366AAFF0E}.Release|x64.ActiveCfg = Release|Any CPU
		{3F854CF2-AD35-4D72-91DC-36E366AAFF0E}.Release|x64.Build.0 = Release|Any CPU
		{3F854CF2-AD35-4D72-91DC-36E366AAFF0E}.Release|x86.ActiveCfg = Release|Any CPU
		{3F854CF2-AD35-4D72-91DC-36E366AAFF0E}.Release|x86.Build.0 = Release|Any CPU
		{3E14463E-0D5E-4217-B555-F23185EB5E00}.Debug|Any CPU.ActiveCfg = Debug|Any CPU
		{3E14463E-0D5E-4217-B555-F23185EB5E00}.Debug|Any CPU.Build.0 = Debug|Any CPU
		{3E14463E-0D5E-4217-B555-F23185EB5E00}.Debug|x64.ActiveCfg = Debug|Any CPU
		{3E14463E-0D5E-4217-B555-F23185EB5E00}.Debug|x64.Build.0 = Debug|Any CPU
		{3E14463E-0D5E-4217-B555-F23185EB5E00}.Debug|x86.ActiveCfg = Debug|Any CPU
		{3E14463E-0D5E-4217-B555-F23185EB5E00}.Debug|x86.Build.0 = Debug|Any CPU
		{3E14463E-0D5E-4217-B555-F23185EB5E00}.Release|Any CPU.ActiveCfg = Release|Any CPU
		{3E14463E-0D5E-4217-B555-F23185EB5E00}.Release|Any CPU.Build.0 = Release|Any CPU
		{3E14463E-0D5E-4217-B555-F23185EB5E00}.Release|x64.ActiveCfg = Release|Any CPU
		{3E14463E-0D5E-4217-B555-F23185EB5E00}.Release|x64.Build.0 = Release|Any CPU
		{3E14463E-0D5E-4217-B555-F23185EB5E00}.Release|x86.ActiveCfg = Release|Any CPU
		{3E14463E-0D5E-4217-B555-F23185EB5E00}.Release|x86.Build.0 = Release|Any CPU
		{73561614-F87B-4840-BE1E-84DCEF79B87B}.Debug|Any CPU.ActiveCfg = Debug|Any CPU
		{73561614-F87B-4840-BE1E-84DCEF79B87B}.Debug|Any CPU.Build.0 = Debug|Any CPU
		{73561614-F87B-4840-BE1E-84DCEF79B87B}.Debug|x64.ActiveCfg = Debug|Any CPU
		{73561614-F87B-4840-BE1E-84DCEF79B87B}.Debug|x64.Build.0 = Debug|Any CPU
		{73561614-F87B-4840-BE1E-84DCEF79B87B}.Debug|x86.ActiveCfg = Debug|Any CPU
		{73561614-F87B-4840-BE1E-84DCEF79B87B}.Debug|x86.Build.0 = Debug|Any CPU
		{73561614-F87B-4840-BE1E-84DCEF79B87B}.Release|Any CPU.ActiveCfg = Release|Any CPU
		{73561614-F87B-4840-BE1E-84DCEF79B87B}.Release|Any CPU.Build.0 = Release|Any CPU
		{73561614-F87B-4840-BE1E-84DCEF79B87B}.Release|x64.ActiveCfg = Release|Any CPU
		{73561614-F87B-4840-BE1E-84DCEF79B87B}.Release|x64.Build.0 = Release|Any CPU
		{73561614-F87B-4840-BE1E-84DCEF79B87B}.Release|x86.ActiveCfg = Release|Any CPU
		{73561614-F87B-4840-BE1E-84DCEF79B87B}.Release|x86.Build.0 = Release|Any CPU
		{C21CDAA6-4FED-4445-932A-EEDC067C4D0D}.Debug|Any CPU.ActiveCfg = Debug|Any CPU
		{C21CDAA6-4FED-4445-932A-EEDC067C4D0D}.Debug|Any CPU.Build.0 = Debug|Any CPU
		{C21CDAA6-4FED-4445-932A-EEDC067C4D0D}.Debug|x64.ActiveCfg = Debug|Any CPU
		{C21CDAA6-4FED-4445-932A-EEDC067C4D0D}.Debug|x64.Build.0 = Debug|Any CPU
		{C21CDAA6-4FED-4445-932A-EEDC067C4D0D}.Debug|x86.ActiveCfg = Debug|Any CPU
		{C21CDAA6-4FED-4445-932A-EEDC067C4D0D}.Debug|x86.Build.0 = Debug|Any CPU
		{C21CDAA6-4FED-4445-932A-EEDC067C4D0D}.Release|Any CPU.ActiveCfg = Release|Any CPU
		{C21CDAA6-4FED-4445-932A-EEDC067C4D0D}.Release|Any CPU.Build.0 = Release|Any CPU
		{C21CDAA6-4FED-4445-932A-EEDC067C4D0D}.Release|x64.ActiveCfg = Release|Any CPU
		{C21CDAA6-4FED-4445-932A-EEDC067C4D0D}.Release|x64.Build.0 = Release|Any CPU
		{C21CDAA6-4FED-4445-932A-EEDC067C4D0D}.Release|x86.ActiveCfg = Release|Any CPU
		{C21CDAA6-4FED-4445-932A-EEDC067C4D0D}.Release|x86.Build.0 = Release|Any CPU
		{2E4B12E6-7BA3-48F8-B509-2881042B0B41}.Debug|Any CPU.ActiveCfg = Debug|Any CPU
		{2E4B12E6-7BA3-48F8-B509-2881042B0B41}.Debug|Any CPU.Build.0 = Debug|Any CPU
		{2E4B12E6-7BA3-48F8-B509-2881042B0B41}.Debug|x64.ActiveCfg = Debug|Any CPU
		{2E4B12E6-7BA3-48F8-B509-2881042B0B41}.Debug|x64.Build.0 = Debug|Any CPU
		{2E4B12E6-7BA3-48F8-B509-2881042B0B41}.Debug|x86.ActiveCfg = Debug|Any CPU
		{2E4B12E6-7BA3-48F8-B509-2881042B0B41}.Debug|x86.Build.0 = Debug|Any CPU
		{2E4B12E6-7BA3-48F8-B509-2881042B0B41}.Release|Any CPU.ActiveCfg = Release|Any CPU
		{2E4B12E6-7BA3-48F8-B509-2881042B0B41}.Release|Any CPU.Build.0 = Release|Any CPU
		{2E4B12E6-7BA3-48F8-B509-2881042B0B41}.Release|x64.ActiveCfg = Release|Any CPU
		{2E4B12E6-7BA3-48F8-B509-2881042B0B41}.Release|x64.Build.0 = Release|Any CPU
		{2E4B12E6-7BA3-48F8-B509-2881042B0B41}.Release|x86.ActiveCfg = Release|Any CPU
		{2E4B12E6-7BA3-48F8-B509-2881042B0B41}.Release|x86.Build.0 = Release|Any CPU
		{63671A3D-3E49-4D93-B161-CD940D0C22B8}.Debug|Any CPU.ActiveCfg = Debug|Any CPU
		{63671A3D-3E49-4D93-B161-CD940D0C22B8}.Debug|Any CPU.Build.0 = Debug|Any CPU
		{63671A3D-3E49-4D93-B161-CD940D0C22B8}.Debug|x64.ActiveCfg = Debug|Any CPU
		{63671A3D-3E49-4D93-B161-CD940D0C22B8}.Debug|x64.Build.0 = Debug|Any CPU
		{63671A3D-3E49-4D93-B161-CD940D0C22B8}.Debug|x86.ActiveCfg = Debug|Any CPU
		{63671A3D-3E49-4D93-B161-CD940D0C22B8}.Debug|x86.Build.0 = Debug|Any CPU
		{63671A3D-3E49-4D93-B161-CD940D0C22B8}.Release|Any CPU.ActiveCfg = Release|Any CPU
		{63671A3D-3E49-4D93-B161-CD940D0C22B8}.Release|Any CPU.Build.0 = Release|Any CPU
		{63671A3D-3E49-4D93-B161-CD940D0C22B8}.Release|x64.ActiveCfg = Release|Any CPU
		{63671A3D-3E49-4D93-B161-CD940D0C22B8}.Release|x64.Build.0 = Release|Any CPU
		{63671A3D-3E49-4D93-B161-CD940D0C22B8}.Release|x86.ActiveCfg = Release|Any CPU
		{63671A3D-3E49-4D93-B161-CD940D0C22B8}.Release|x86.Build.0 = Release|Any CPU
		{5B67AA7F-C76D-4C0A-BD2F-ABB62B2776EB}.Debug|Any CPU.ActiveCfg = Debug|Any CPU
		{5B67AA7F-C76D-4C0A-BD2F-ABB62B2776EB}.Debug|Any CPU.Build.0 = Debug|Any CPU
		{5B67AA7F-C76D-4C0A-BD2F-ABB62B2776EB}.Debug|x64.ActiveCfg = Debug|Any CPU
		{5B67AA7F-C76D-4C0A-BD2F-ABB62B2776EB}.Debug|x64.Build.0 = Debug|Any CPU
		{5B67AA7F-C76D-4C0A-BD2F-ABB62B2776EB}.Debug|x86.ActiveCfg = Debug|Any CPU
		{5B67AA7F-C76D-4C0A-BD2F-ABB62B2776EB}.Debug|x86.Build.0 = Debug|Any CPU
		{5B67AA7F-C76D-4C0A-BD2F-ABB62B2776EB}.Release|Any CPU.ActiveCfg = Release|Any CPU
		{5B67AA7F-C76D-4C0A-BD2F-ABB62B2776EB}.Release|Any CPU.Build.0 = Release|Any CPU
		{5B67AA7F-C76D-4C0A-BD2F-ABB62B2776EB}.Release|x64.ActiveCfg = Release|Any CPU
		{5B67AA7F-C76D-4C0A-BD2F-ABB62B2776EB}.Release|x64.Build.0 = Release|Any CPU
		{5B67AA7F-C76D-4C0A-BD2F-ABB62B2776EB}.Release|x86.ActiveCfg = Release|Any CPU
		{5B67AA7F-C76D-4C0A-BD2F-ABB62B2776EB}.Release|x86.Build.0 = Release|Any CPU
		{74316DCF-4250-4EE7-95B1-3EC52965F1AD}.Debug|Any CPU.ActiveCfg = Debug|Any CPU
		{74316DCF-4250-4EE7-95B1-3EC52965F1AD}.Debug|Any CPU.Build.0 = Debug|Any CPU
		{74316DCF-4250-4EE7-95B1-3EC52965F1AD}.Debug|x64.ActiveCfg = Debug|Any CPU
		{74316DCF-4250-4EE7-95B1-3EC52965F1AD}.Debug|x64.Build.0 = Debug|Any CPU
		{74316DCF-4250-4EE7-95B1-3EC52965F1AD}.Debug|x86.ActiveCfg = Debug|Any CPU
		{74316DCF-4250-4EE7-95B1-3EC52965F1AD}.Debug|x86.Build.0 = Debug|Any CPU
		{74316DCF-4250-4EE7-95B1-3EC52965F1AD}.Release|Any CPU.ActiveCfg = Release|Any CPU
		{74316DCF-4250-4EE7-95B1-3EC52965F1AD}.Release|Any CPU.Build.0 = Release|Any CPU
		{74316DCF-4250-4EE7-95B1-3EC52965F1AD}.Release|x64.ActiveCfg = Release|Any CPU
		{74316DCF-4250-4EE7-95B1-3EC52965F1AD}.Release|x64.Build.0 = Release|Any CPU
		{74316DCF-4250-4EE7-95B1-3EC52965F1AD}.Release|x86.ActiveCfg = Release|Any CPU
		{74316DCF-4250-4EE7-95B1-3EC52965F1AD}.Release|x86.Build.0 = Release|Any CPU
		{E12DC98A-EF5C-48D5-90B8-7E1227A73FC8}.Debug|Any CPU.ActiveCfg = Debug|Any CPU
		{E12DC98A-EF5C-48D5-90B8-7E1227A73FC8}.Debug|Any CPU.Build.0 = Debug|Any CPU
		{E12DC98A-EF5C-48D5-90B8-7E1227A73FC8}.Debug|x64.ActiveCfg = Debug|Any CPU
		{E12DC98A-EF5C-48D5-90B8-7E1227A73FC8}.Debug|x64.Build.0 = Debug|Any CPU
		{E12DC98A-EF5C-48D5-90B8-7E1227A73FC8}.Debug|x86.ActiveCfg = Debug|Any CPU
		{E12DC98A-EF5C-48D5-90B8-7E1227A73FC8}.Debug|x86.Build.0 = Debug|Any CPU
		{E12DC98A-EF5C-48D5-90B8-7E1227A73FC8}.Release|Any CPU.ActiveCfg = Release|Any CPU
		{E12DC98A-EF5C-48D5-90B8-7E1227A73FC8}.Release|Any CPU.Build.0 = Release|Any CPU
		{E12DC98A-EF5C-48D5-90B8-7E1227A73FC8}.Release|x64.ActiveCfg = Release|Any CPU
		{E12DC98A-EF5C-48D5-90B8-7E1227A73FC8}.Release|x64.Build.0 = Release|Any CPU
		{E12DC98A-EF5C-48D5-90B8-7E1227A73FC8}.Release|x86.ActiveCfg = Release|Any CPU
		{E12DC98A-EF5C-48D5-90B8-7E1227A73FC8}.Release|x86.Build.0 = Release|Any CPU
		{413C75FB-7B77-4CA7-96A4-8E35B436BC9A}.Debug|Any CPU.ActiveCfg = Debug|Any CPU
		{413C75FB-7B77-4CA7-96A4-8E35B436BC9A}.Debug|Any CPU.Build.0 = Debug|Any CPU
		{413C75FB-7B77-4CA7-96A4-8E35B436BC9A}.Debug|x64.ActiveCfg = Debug|Any CPU
		{413C75FB-7B77-4CA7-96A4-8E35B436BC9A}.Debug|x64.Build.0 = Debug|Any CPU
		{413C75FB-7B77-4CA7-96A4-8E35B436BC9A}.Debug|x86.ActiveCfg = Debug|Any CPU
		{413C75FB-7B77-4CA7-96A4-8E35B436BC9A}.Debug|x86.Build.0 = Debug|Any CPU
		{413C75FB-7B77-4CA7-96A4-8E35B436BC9A}.Release|Any CPU.ActiveCfg = Release|Any CPU
		{413C75FB-7B77-4CA7-96A4-8E35B436BC9A}.Release|Any CPU.Build.0 = Release|Any CPU
		{413C75FB-7B77-4CA7-96A4-8E35B436BC9A}.Release|x64.ActiveCfg = Release|Any CPU
		{413C75FB-7B77-4CA7-96A4-8E35B436BC9A}.Release|x64.Build.0 = Release|Any CPU
		{413C75FB-7B77-4CA7-96A4-8E35B436BC9A}.Release|x86.ActiveCfg = Release|Any CPU
		{413C75FB-7B77-4CA7-96A4-8E35B436BC9A}.Release|x86.Build.0 = Release|Any CPU
		{7E0C3D9B-7CAB-4CE5-AC68-AD9F1C48D9A4}.Debug|Any CPU.ActiveCfg = Debug|Any CPU
		{7E0C3D9B-7CAB-4CE5-AC68-AD9F1C48D9A4}.Debug|Any CPU.Build.0 = Debug|Any CPU
		{7E0C3D9B-7CAB-4CE5-AC68-AD9F1C48D9A4}.Debug|x64.ActiveCfg = Debug|Any CPU
		{7E0C3D9B-7CAB-4CE5-AC68-AD9F1C48D9A4}.Debug|x64.Build.0 = Debug|Any CPU
		{7E0C3D9B-7CAB-4CE5-AC68-AD9F1C48D9A4}.Debug|x86.ActiveCfg = Debug|Any CPU
		{7E0C3D9B-7CAB-4CE5-AC68-AD9F1C48D9A4}.Debug|x86.Build.0 = Debug|Any CPU
		{7E0C3D9B-7CAB-4CE5-AC68-AD9F1C48D9A4}.Release|Any CPU.ActiveCfg = Release|Any CPU
		{7E0C3D9B-7CAB-4CE5-AC68-AD9F1C48D9A4}.Release|Any CPU.Build.0 = Release|Any CPU
		{7E0C3D9B-7CAB-4CE5-AC68-AD9F1C48D9A4}.Release|x64.ActiveCfg = Release|Any CPU
		{7E0C3D9B-7CAB-4CE5-AC68-AD9F1C48D9A4}.Release|x64.Build.0 = Release|Any CPU
		{7E0C3D9B-7CAB-4CE5-AC68-AD9F1C48D9A4}.Release|x86.ActiveCfg = Release|Any CPU
		{7E0C3D9B-7CAB-4CE5-AC68-AD9F1C48D9A4}.Release|x86.Build.0 = Release|Any CPU
		{82C40C0A-9C92-4690-BFC5-CBAA39D4E6EC}.Debug|Any CPU.ActiveCfg = Debug|Any CPU
		{82C40C0A-9C92-4690-BFC5-CBAA39D4E6EC}.Debug|Any CPU.Build.0 = Debug|Any CPU
		{82C40C0A-9C92-4690-BFC5-CBAA39D4E6EC}.Debug|x64.ActiveCfg = Debug|Any CPU
		{82C40C0A-9C92-4690-BFC5-CBAA39D4E6EC}.Debug|x64.Build.0 = Debug|Any CPU
		{82C40C0A-9C92-4690-BFC5-CBAA39D4E6EC}.Debug|x86.ActiveCfg = Debug|Any CPU
		{82C40C0A-9C92-4690-BFC5-CBAA39D4E6EC}.Debug|x86.Build.0 = Debug|Any CPU
		{82C40C0A-9C92-4690-BFC5-CBAA39D4E6EC}.Release|Any CPU.ActiveCfg = Release|Any CPU
		{82C40C0A-9C92-4690-BFC5-CBAA39D4E6EC}.Release|Any CPU.Build.0 = Release|Any CPU
		{82C40C0A-9C92-4690-BFC5-CBAA39D4E6EC}.Release|x64.ActiveCfg = Release|Any CPU
		{82C40C0A-9C92-4690-BFC5-CBAA39D4E6EC}.Release|x64.Build.0 = Release|Any CPU
		{82C40C0A-9C92-4690-BFC5-CBAA39D4E6EC}.Release|x86.ActiveCfg = Release|Any CPU
		{82C40C0A-9C92-4690-BFC5-CBAA39D4E6EC}.Release|x86.Build.0 = Release|Any CPU
		{CEBA2267-66BD-4700-B9D5-314D98F5D8EA}.Debug|Any CPU.ActiveCfg = Debug|Any CPU
		{CEBA2267-66BD-4700-B9D5-314D98F5D8EA}.Debug|Any CPU.Build.0 = Debug|Any CPU
		{CEBA2267-66BD-4700-B9D5-314D98F5D8EA}.Debug|x64.ActiveCfg = Debug|Any CPU
		{CEBA2267-66BD-4700-B9D5-314D98F5D8EA}.Debug|x64.Build.0 = Debug|Any CPU
		{CEBA2267-66BD-4700-B9D5-314D98F5D8EA}.Debug|x86.ActiveCfg = Debug|Any CPU
		{CEBA2267-66BD-4700-B9D5-314D98F5D8EA}.Debug|x86.Build.0 = Debug|Any CPU
		{CEBA2267-66BD-4700-B9D5-314D98F5D8EA}.Release|Any CPU.ActiveCfg = Release|Any CPU
		{CEBA2267-66BD-4700-B9D5-314D98F5D8EA}.Release|Any CPU.Build.0 = Release|Any CPU
		{CEBA2267-66BD-4700-B9D5-314D98F5D8EA}.Release|x64.ActiveCfg = Release|Any CPU
		{CEBA2267-66BD-4700-B9D5-314D98F5D8EA}.Release|x64.Build.0 = Release|Any CPU
		{CEBA2267-66BD-4700-B9D5-314D98F5D8EA}.Release|x86.ActiveCfg = Release|Any CPU
		{CEBA2267-66BD-4700-B9D5-314D98F5D8EA}.Release|x86.Build.0 = Release|Any CPU
		{192B5882-DC7B-4839-84D5-5A968FC1F2ED}.Debug|Any CPU.ActiveCfg = Debug|Any CPU
		{192B5882-DC7B-4839-84D5-5A968FC1F2ED}.Debug|Any CPU.Build.0 = Debug|Any CPU
		{192B5882-DC7B-4839-84D5-5A968FC1F2ED}.Debug|x64.ActiveCfg = Debug|Any CPU
		{192B5882-DC7B-4839-84D5-5A968FC1F2ED}.Debug|x64.Build.0 = Debug|Any CPU
		{192B5882-DC7B-4839-84D5-5A968FC1F2ED}.Debug|x86.ActiveCfg = Debug|Any CPU
		{192B5882-DC7B-4839-84D5-5A968FC1F2ED}.Debug|x86.Build.0 = Debug|Any CPU
		{192B5882-DC7B-4839-84D5-5A968FC1F2ED}.Release|Any CPU.ActiveCfg = Release|Any CPU
		{192B5882-DC7B-4839-84D5-5A968FC1F2ED}.Release|Any CPU.Build.0 = Release|Any CPU
		{192B5882-DC7B-4839-84D5-5A968FC1F2ED}.Release|x64.ActiveCfg = Release|Any CPU
		{192B5882-DC7B-4839-84D5-5A968FC1F2ED}.Release|x64.Build.0 = Release|Any CPU
		{192B5882-DC7B-4839-84D5-5A968FC1F2ED}.Release|x86.ActiveCfg = Release|Any CPU
		{192B5882-DC7B-4839-84D5-5A968FC1F2ED}.Release|x86.Build.0 = Release|Any CPU
		{8116DDDB-3940-45F7-B31B-800B3B6BDE65}.Debug|Any CPU.ActiveCfg = Debug|Any CPU
		{8116DDDB-3940-45F7-B31B-800B3B6BDE65}.Debug|Any CPU.Build.0 = Debug|Any CPU
		{8116DDDB-3940-45F7-B31B-800B3B6BDE65}.Debug|x64.ActiveCfg = Debug|Any CPU
		{8116DDDB-3940-45F7-B31B-800B3B6BDE65}.Debug|x64.Build.0 = Debug|Any CPU
		{8116DDDB-3940-45F7-B31B-800B3B6BDE65}.Debug|x86.ActiveCfg = Debug|Any CPU
		{8116DDDB-3940-45F7-B31B-800B3B6BDE65}.Debug|x86.Build.0 = Debug|Any CPU
		{8116DDDB-3940-45F7-B31B-800B3B6BDE65}.Release|Any CPU.ActiveCfg = Release|Any CPU
		{8116DDDB-3940-45F7-B31B-800B3B6BDE65}.Release|Any CPU.Build.0 = Release|Any CPU
		{8116DDDB-3940-45F7-B31B-800B3B6BDE65}.Release|x64.ActiveCfg = Release|Any CPU
		{8116DDDB-3940-45F7-B31B-800B3B6BDE65}.Release|x64.Build.0 = Release|Any CPU
		{8116DDDB-3940-45F7-B31B-800B3B6BDE65}.Release|x86.ActiveCfg = Release|Any CPU
		{8116DDDB-3940-45F7-B31B-800B3B6BDE65}.Release|x86.Build.0 = Release|Any CPU
		{E4F34EE9-6FFE-4B3C-BCF1-4043DA8126B3}.Debug|Any CPU.ActiveCfg = Debug|Any CPU
		{E4F34EE9-6FFE-4B3C-BCF1-4043DA8126B3}.Debug|Any CPU.Build.0 = Debug|Any CPU
		{E4F34EE9-6FFE-4B3C-BCF1-4043DA8126B3}.Debug|x64.ActiveCfg = Debug|Any CPU
		{E4F34EE9-6FFE-4B3C-BCF1-4043DA8126B3}.Debug|x64.Build.0 = Debug|Any CPU
		{E4F34EE9-6FFE-4B3C-BCF1-4043DA8126B3}.Debug|x86.ActiveCfg = Debug|Any CPU
		{E4F34EE9-6FFE-4B3C-BCF1-4043DA8126B3}.Debug|x86.Build.0 = Debug|Any CPU
		{E4F34EE9-6FFE-4B3C-BCF1-4043DA8126B3}.Release|Any CPU.ActiveCfg = Release|Any CPU
		{E4F34EE9-6FFE-4B3C-BCF1-4043DA8126B3}.Release|Any CPU.Build.0 = Release|Any CPU
		{E4F34EE9-6FFE-4B3C-BCF1-4043DA8126B3}.Release|x64.ActiveCfg = Release|Any CPU
		{E4F34EE9-6FFE-4B3C-BCF1-4043DA8126B3}.Release|x64.Build.0 = Release|Any CPU
		{E4F34EE9-6FFE-4B3C-BCF1-4043DA8126B3}.Release|x86.ActiveCfg = Release|Any CPU
		{E4F34EE9-6FFE-4B3C-BCF1-4043DA8126B3}.Release|x86.Build.0 = Release|Any CPU
		{2BC60641-276D-44E1-862D-F60425DE2AB1}.Debug|Any CPU.ActiveCfg = Debug|Any CPU
		{2BC60641-276D-44E1-862D-F60425DE2AB1}.Debug|Any CPU.Build.0 = Debug|Any CPU
		{2BC60641-276D-44E1-862D-F60425DE2AB1}.Debug|x64.ActiveCfg = Debug|Any CPU
		{2BC60641-276D-44E1-862D-F60425DE2AB1}.Debug|x64.Build.0 = Debug|Any CPU
		{2BC60641-276D-44E1-862D-F60425DE2AB1}.Debug|x86.ActiveCfg = Debug|Any CPU
		{2BC60641-276D-44E1-862D-F60425DE2AB1}.Debug|x86.Build.0 = Debug|Any CPU
		{2BC60641-276D-44E1-862D-F60425DE2AB1}.Release|Any CPU.ActiveCfg = Release|Any CPU
		{2BC60641-276D-44E1-862D-F60425DE2AB1}.Release|Any CPU.Build.0 = Release|Any CPU
		{2BC60641-276D-44E1-862D-F60425DE2AB1}.Release|x64.ActiveCfg = Release|Any CPU
		{2BC60641-276D-44E1-862D-F60425DE2AB1}.Release|x64.Build.0 = Release|Any CPU
		{2BC60641-276D-44E1-862D-F60425DE2AB1}.Release|x86.ActiveCfg = Release|Any CPU
		{2BC60641-276D-44E1-862D-F60425DE2AB1}.Release|x86.Build.0 = Release|Any CPU
	EndGlobalSection
	GlobalSection(SolutionProperties) = preSolution
		HideSolutionNode = FALSE
	EndGlobalSection
	GlobalSection(NestedProjects) = preSolution
		{3F854CF2-AD35-4D72-91DC-36E366AAFF0E} = {BE400988-3D71-4D2A-8AAC-A3DE77A3A838}
		{1231BC45-2F66-4312-9B1B-8F3E2A22A43B} = {18B55023-B41C-4D0B-8148-1F0180C4AC53}
		{DC1EC409-B85A-40F6-A14E-32463A72D6B8} = {18B55023-B41C-4D0B-8148-1F0180C4AC53}
		{93115567-92F1-4868-B866-55BE5188454A} = {18B55023-B41C-4D0B-8148-1F0180C4AC53}
		{F1894F15-466E-4632-9301-7C283C04BF80} = {18B55023-B41C-4D0B-8148-1F0180C4AC53}
		{3E14463E-0D5E-4217-B555-F23185EB5E00} = {F1894F15-466E-4632-9301-7C283C04BF80}
		{73561614-F87B-4840-BE1E-84DCEF79B87B} = {DC1EC409-B85A-40F6-A14E-32463A72D6B8}
		{C21CDAA6-4FED-4445-932A-EEDC067C4D0D} = {1231BC45-2F66-4312-9B1B-8F3E2A22A43B}
		{4B03E0E7-8B1C-4839-8D3F-716AC93CAFDB} = {66354DBE-A480-42EC-B954-C73476A6CB06}
		{D9839461-2B04-415A-AAE3-DDEE3DAFD55C} = {66354DBE-A480-42EC-B954-C73476A6CB06}
		{2E4B12E6-7BA3-48F8-B509-2881042B0B41} = {D9839461-2B04-415A-AAE3-DDEE3DAFD55C}
		{63671A3D-3E49-4D93-B161-CD940D0C22B8} = {4B03E0E7-8B1C-4839-8D3F-716AC93CAFDB}
		{048DF11D-557F-435A-AE3A-1E74CB9E24F6} = {736FB053-F31E-4685-A3DD-AC7206D5857F}
		{528EBD77-5FB1-4E28-93C7-80F19D742CDD} = {736FB053-F31E-4685-A3DD-AC7206D5857F}
		{5B67AA7F-C76D-4C0A-BD2F-ABB62B2776EB} = {528EBD77-5FB1-4E28-93C7-80F19D742CDD}
		{74316DCF-4250-4EE7-95B1-3EC52965F1AD} = {048DF11D-557F-435A-AE3A-1E74CB9E24F6}
		{5F5F1A1A-EA72-4DDB-AB8F-A0F6491587BE} = {736FB053-F31E-4685-A3DD-AC7206D5857F}
		{E12DC98A-EF5C-48D5-90B8-7E1227A73FC8} = {5F5F1A1A-EA72-4DDB-AB8F-A0F6491587BE}
		{0094CEE7-0967-4EAE-B286-7E7F72E928B7} = {4CB7A898-5100-47DA-8DA4-20846C5372AC}
		{AD1DF12E-9DC3-41F4-8B46-7EB1107A1F92} = {0094CEE7-0967-4EAE-B286-7E7F72E928B7}
		{573C9ADF-28D9-4A25-BB6A-C4A5B5C3F03F} = {0094CEE7-0967-4EAE-B286-7E7F72E928B7}
		{EC7B9323-E7FB-48CD-BE29-4155DD8403E7} = {4CB7A898-5100-47DA-8DA4-20846C5372AC}
		{413C75FB-7B77-4CA7-96A4-8E35B436BC9A} = {AD1DF12E-9DC3-41F4-8B46-7EB1107A1F92}
		{7E0C3D9B-7CAB-4CE5-AC68-AD9F1C48D9A4} = {573C9ADF-28D9-4A25-BB6A-C4A5B5C3F03F}
		{82C40C0A-9C92-4690-BFC5-CBAA39D4E6EC} = {EC7B9323-E7FB-48CD-BE29-4155DD8403E7}
		{CEBA2267-66BD-4700-B9D5-314D98F5D8EA} = {93115567-92F1-4868-B866-55BE5188454A}
		{192B5882-DC7B-4839-84D5-5A968FC1F2ED} = {F1894F15-466E-4632-9301-7C283C04BF80}
		{1E5CB636-DB8D-4602-9055-FC1D60A70488} = {4CB7A898-5100-47DA-8DA4-20846C5372AC}
		{048B473D-E55A-44CF-A518-FE5E63113ECB} = {1E5CB636-DB8D-4602-9055-FC1D60A70488}
		{14F00317-CC28-4115-B629-06AFD73E2895} = {1E5CB636-DB8D-4602-9055-FC1D60A70488}
		{8116DDDB-3940-45F7-B31B-800B3B6BDE65} = {048B473D-E55A-44CF-A518-FE5E63113ECB}
		{E4F34EE9-6FFE-4B3C-BCF1-4043DA8126B3} = {14F00317-CC28-4115-B629-06AFD73E2895}
		{CEB5A067-F319-4412-A628-A2B21950009D} = {18B55023-B41C-4D0B-8148-1F0180C4AC53}
		{2BC60641-276D-44E1-862D-F60425DE2AB1} = {CEB5A067-F319-4412-A628-A2B21950009D}
	EndGlobalSection
	GlobalSection(ExtensibilityGlobals) = postSolution
		SolutionGuid = {0F52D7EC-942B-4B2D-A2CB-EC2313AD46EF}
	EndGlobalSection
EndGlobal
